
Microsoft Visual Studio Solution File, Format Version 12.00
# Visual Studio Version 17
VisualStudioVersion = 17.2.32630.192
MinimumVisualStudioVersion = 10.0.40219.1
Project("{9A19103F-16F7-4668-BE54-9A1E7A4F7556}") = "PublisherApplication", "PublisherApplication\PublisherApplication.csproj", "{7FC1FFFE-8B33-42A3-9561-FA13F8CF0376}"
EndProject
Project("{9A19103F-16F7-4668-BE54-9A1E7A4F7556}") = "ConsumerApplication", "ConsumerApplication\ConsumerApplication.csproj", "{0EE00069-9641-4148-91ED-0A851CF4B1A2}"
EndProject
Project("{E53339B2-1760-4266-BCC7-CA923CBCF16C}") = "docker-compose", "docker-compose.dcproj", "{EDF6F757-E01F-4E06-9450-ACA9E8966288}"
EndProject
Global
	GlobalSection(SolutionConfigurationPlatforms) = preSolution
		Debug|Any CPU = Debug|Any CPU
		Release|Any CPU = Release|Any CPU
	EndGlobalSection
	GlobalSection(ProjectConfigurationPlatforms) = postSolution
		{7FC1FFFE-8B33-42A3-9561-FA13F8CF0376}.Debug|Any CPU.ActiveCfg = Debug|Any CPU
		{7FC1FFFE-8B33-42A3-9561-FA13F8CF0376}.Debug|Any CPU.Build.0 = Debug|Any CPU
		{7FC1FFFE-8B33-42A3-9561-FA13F8CF0376}.Release|Any CPU.ActiveCfg = Release|Any CPU
		{7FC1FFFE-8B33-42A3-9561-FA13F8CF0376}.Release|Any CPU.Build.0 = Release|Any CPU
		{0EE00069-9641-4148-91ED-0A851CF4B1A2}.Debug|Any CPU.ActiveCfg = Debug|Any CPU
		{0EE00069-9641-4148-91ED-0A851CF4B1A2}.Debug|Any CPU.Build.0 = Debug|Any CPU
		{0EE00069-9641-4148-91ED-0A851CF4B1A2}.Release|Any CPU.ActiveCfg = Release|Any CPU
		{0EE00069-9641-4148-91ED-0A851CF4B1A2}.Release|Any CPU.Build.0 = Release|Any CPU
		{EDF6F757-E01F-4E06-9450-ACA9E8966288}.Debug|Any CPU.ActiveCfg = Debug|Any CPU
		{EDF6F757-E01F-4E06-9450-ACA9E8966288}.Debug|Any CPU.Build.0 = Debug|Any CPU
		{EDF6F757-E01F-4E06-9450-ACA9E8966288}.Release|Any CPU.ActiveCfg = Release|Any CPU
		{EDF6F757-E01F-4E06-9450-ACA9E8966288}.Release|Any CPU.Build.0 = Release|Any CPU
	EndGlobalSection
	GlobalSection(SolutionProperties) = preSolution
		HideSolutionNode = FALSE
	EndGlobalSection
	GlobalSection(ExtensibilityGlobals) = postSolution
		SolutionGuid = {A1BD9C0A-ACAE-40E2-9F8B-E67FC2EF98F2}
	EndGlobalSection
EndGlobal
